// !$*UTF8*$!
{
	archiveVersion = 1;
	classes = {
	};
	objectVersion = 50;
	objects = {

/* Begin PBXBuildFile section */
		8CA52F8026B7248000B6AC46 /* AppDelegate.swift in Sources */ = {isa = PBXBuildFile; fileRef = 8CA52F7F26B7248000B6AC46 /* AppDelegate.swift */; };
		8CA52F8226B7248000B6AC46 /* SceneDelegate.swift in Sources */ = {isa = PBXBuildFile; fileRef = 8CA52F8126B7248000B6AC46 /* SceneDelegate.swift */; };
		8CA52F8426B7248000B6AC46 /* ContentView.swift in Sources */ = {isa = PBXBuildFile; fileRef = 8CA52F8326B7248000B6AC46 /* ContentView.swift */; };
		8CA52F8626B7248200B6AC46 /* Assets.xcassets in Resources */ = {isa = PBXBuildFile; fileRef = 8CA52F8526B7248200B6AC46 /* Assets.xcassets */; };
		8CA52F8926B7248200B6AC46 /* Preview Assets.xcassets in Resources */ = {isa = PBXBuildFile; fileRef = 8CA52F8826B7248200B6AC46 /* Preview Assets.xcassets */; };
		8CA52F8C26B7248200B6AC46 /* LaunchScreen.storyboard in Resources */ = {isa = PBXBuildFile; fileRef = 8CA52F8A26B7248200B6AC46 /* LaunchScreen.storyboard */; };
		8CA52F9726B7248300B6AC46 /* Weather_appTests.swift in Sources */ = {isa = PBXBuildFile; fileRef = 8CA52F9626B7248300B6AC46 /* Weather_appTests.swift */; };
		8CA52FA226B7248300B6AC46 /* Weather_appUITests.swift in Sources */ = {isa = PBXBuildFile; fileRef = 8CA52FA126B7248300B6AC46 /* Weather_appUITests.swift */; };
		8CA52FB326B7260C00B6AC46 /* WeatherView.swift in Sources */ = {isa = PBXBuildFile; fileRef = 8CA52FB226B7260C00B6AC46 /* WeatherView.swift */; };
		8CA52FB826B7261E00B6AC46 /* SettingsView.swift in Sources */ = {isa = PBXBuildFile; fileRef = 8CA52FB726B7261E00B6AC46 /* SettingsView.swift */; };
		8CA52FBD26B7C86800B6AC46 /* CityViewModel.swift in Sources */ = {isa = PBXBuildFile; fileRef = 8CA52FBC26B7C86800B6AC46 /* CityViewModel.swift */; };
/* End PBXBuildFile section */

/* Begin PBXContainerItemProxy section */
		8CA52F9326B7248300B6AC46 /* PBXContainerItemProxy */ = {
			isa = PBXContainerItemProxy;
			containerPortal = 8CA52F7426B7248000B6AC46 /* Project object */;
			proxyType = 1;
			remoteGlobalIDString = 8CA52F7B26B7248000B6AC46;
			remoteInfo = "Weather app";
		};
		8CA52F9E26B7248300B6AC46 /* PBXContainerItemProxy */ = {
			isa = PBXContainerItemProxy;
			containerPortal = 8CA52F7426B7248000B6AC46 /* Project object */;
			proxyType = 1;
			remoteGlobalIDString = 8CA52F7B26B7248000B6AC46;
			remoteInfo = "Weather app";
		};
/* End PBXContainerItemProxy section */

/* Begin PBXFileReference section */
		8CA52F7C26B7248000B6AC46 /* Weather app.app */ = {isa = PBXFileReference; explicitFileType = wrapper.application; includeInIndex = 0; path = "Weather app.app"; sourceTree = BUILT_PRODUCTS_DIR; };
		8CA52F7F26B7248000B6AC46 /* AppDelegate.swift */ = {isa = PBXFileReference; lastKnownFileType = sourcecode.swift; path = AppDelegate.swift; sourceTree = "<group>"; };
		8CA52F8126B7248000B6AC46 /* SceneDelegate.swift */ = {isa = PBXFileReference; lastKnownFileType = sourcecode.swift; path = SceneDelegate.swift; sourceTree = "<group>"; };
		8CA52F8326B7248000B6AC46 /* ContentView.swift */ = {isa = PBXFileReference; lastKnownFileType = sourcecode.swift; path = ContentView.swift; sourceTree = "<group>"; };
		8CA52F8526B7248200B6AC46 /* Assets.xcassets */ = {isa = PBXFileReference; lastKnownFileType = folder.assetcatalog; path = Assets.xcassets; sourceTree = "<group>"; };
		8CA52F8826B7248200B6AC46 /* Preview Assets.xcassets */ = {isa = PBXFileReference; lastKnownFileType = folder.assetcatalog; path = "Preview Assets.xcassets"; sourceTree = "<group>"; };
		8CA52F8B26B7248200B6AC46 /* Base */ = {isa = PBXFileReference; lastKnownFileType = file.storyboard; name = Base; path = Base.lproj/LaunchScreen.storyboard; sourceTree = "<group>"; };
		8CA52F8D26B7248200B6AC46 /* Info.plist */ = {isa = PBXFileReference; lastKnownFileType = text.plist.xml; path = Info.plist; sourceTree = "<group>"; };
		8CA52F9226B7248300B6AC46 /* Weather appTests.xctest */ = {isa = PBXFileReference; explicitFileType = wrapper.cfbundle; includeInIndex = 0; path = "Weather appTests.xctest"; sourceTree = BUILT_PRODUCTS_DIR; };
		8CA52F9626B7248300B6AC46 /* Weather_appTests.swift */ = {isa = PBXFileReference; lastKnownFileType = sourcecode.swift; path = Weather_appTests.swift; sourceTree = "<group>"; };
		8CA52F9826B7248300B6AC46 /* Info.plist */ = {isa = PBXFileReference; lastKnownFileType = text.plist.xml; path = Info.plist; sourceTree = "<group>"; };
		8CA52F9D26B7248300B6AC46 /* Weather appUITests.xctest */ = {isa = PBXFileReference; explicitFileType = wrapper.cfbundle; includeInIndex = 0; path = "Weather appUITests.xctest"; sourceTree = BUILT_PRODUCTS_DIR; };
		8CA52FA126B7248300B6AC46 /* Weather_appUITests.swift */ = {isa = PBXFileReference; lastKnownFileType = sourcecode.swift; path = Weather_appUITests.swift; sourceTree = "<group>"; };
		8CA52FA326B7248300B6AC46 /* Info.plist */ = {isa = PBXFileReference; lastKnownFileType = text.plist.xml; path = Info.plist; sourceTree = "<group>"; };
		8CA52FB226B7260C00B6AC46 /* WeatherView.swift */ = {isa = PBXFileReference; lastKnownFileType = sourcecode.swift; path = WeatherView.swift; sourceTree = "<group>"; };
		8CA52FB726B7261E00B6AC46 /* SettingsView.swift */ = {isa = PBXFileReference; lastKnownFileType = sourcecode.swift; path = SettingsView.swift; sourceTree = "<group>"; };
		8CA52FBC26B7C86800B6AC46 /* CityViewModel.swift */ = {isa = PBXFileReference; lastKnownFileType = sourcecode.swift; path = CityViewModel.swift; sourceTree = "<group>"; };
/* End PBXFileReference section */

/* Begin PBXFrameworksBuildPhase section */
		8CA52F7926B7248000B6AC46 /* Frameworks */ = {
			isa = PBXFrameworksBuildPhase;
			buildActionMask = 2147483647;
			files = (
			);
			runOnlyForDeploymentPostprocessing = 0;
		};
		8CA52F8F26B7248300B6AC46 /* Frameworks */ = {
			isa = PBXFrameworksBuildPhase;
			buildActionMask = 2147483647;
			files = (
			);
			runOnlyForDeploymentPostprocessing = 0;
		};
		8CA52F9A26B7248300B6AC46 /* Frameworks */ = {
			isa = PBXFrameworksBuildPhase;
			buildActionMask = 2147483647;
			files = (
			);
			runOnlyForDeploymentPostprocessing = 0;
		};
/* End PBXFrameworksBuildPhase section */

/* Begin PBXGroup section */
		8CA52F7326B7248000B6AC46 = {
			isa = PBXGroup;
			children = (
				8CA52F7E26B7248000B6AC46 /* Weather app */,
				8CA52F9526B7248300B6AC46 /* Weather appTests */,
				8CA52FA026B7248300B6AC46 /* Weather appUITests */,
				8CA52F7D26B7248000B6AC46 /* Products */,
			);
			sourceTree = "<group>";
		};
		8CA52F7D26B7248000B6AC46 /* Products */ = {
			isa = PBXGroup;
			children = (
				8CA52F7C26B7248000B6AC46 /* Weather app.app */,
				8CA52F9226B7248300B6AC46 /* Weather appTests.xctest */,
				8CA52F9D26B7248300B6AC46 /* Weather appUITests.xctest */,
			);
			name = Products;
			sourceTree = "<group>";
		};
		8CA52F7E26B7248000B6AC46 /* Weather app */ = {
			isa = PBXGroup;
			children = (
				8CA52F7F26B7248000B6AC46 /* AppDelegate.swift */,
				8CA52F8126B7248000B6AC46 /* SceneDelegate.swift */,
				8CA52F8326B7248000B6AC46 /* ContentView.swift */,
				8CA52FB226B7260C00B6AC46 /* WeatherView.swift */,
				8CA52FBC26B7C86800B6AC46 /* CityViewModel.swift */,
				8CA52FB726B7261E00B6AC46 /* SettingsView.swift */,
				8CA52F8526B7248200B6AC46 /* Assets.xcassets */,
				8CA52F8A26B7248200B6AC46 /* LaunchScreen.storyboard */,
				8CA52F8D26B7248200B6AC46 /* Info.plist */,
				8CA52F8726B7248200B6AC46 /* Preview Content */,
			);
			path = "Weather app";
			sourceTree = "<group>";
		};
		8CA52F8726B7248200B6AC46 /* Preview Content */ = {
			isa = PBXGroup;
			children = (
				8CA52F8826B7248200B6AC46 /* Preview Assets.xcassets */,
			);
			path = "Preview Content";
			sourceTree = "<group>";
		};
		8CA52F9526B7248300B6AC46 /* Weather appTests */ = {
			isa = PBXGroup;
			children = (
				8CA52F9626B7248300B6AC46 /* Weather_appTests.swift */,
				8CA52F9826B7248300B6AC46 /* Info.plist */,
			);
			path = "Weather appTests";
			sourceTree = "<group>";
		};
		8CA52FA026B7248300B6AC46 /* Weather appUITests */ = {
			isa = PBXGroup;
			children = (
				8CA52FA126B7248300B6AC46 /* Weather_appUITests.swift */,
				8CA52FA326B7248300B6AC46 /* Info.plist */,
			);
			path = "Weather appUITests";
			sourceTree = "<group>";
		};
/* End PBXGroup section */

/* Begin PBXNativeTarget section */
		8CA52F7B26B7248000B6AC46 /* Weather app */ = {
			isa = PBXNativeTarget;
			buildConfigurationList = 8CA52FA626B7248300B6AC46 /* Build configuration list for PBXNativeTarget "Weather app" */;
			buildPhases = (
				8CA52F7826B7248000B6AC46 /* Sources */,
				8CA52F7926B7248000B6AC46 /* Frameworks */,
				8CA52F7A26B7248000B6AC46 /* Resources */,
			);
			buildRules = (
			);
			dependencies = (
			);
			name = "Weather app";
			productName = "Weather app";
			productReference = 8CA52F7C26B7248000B6AC46 /* Weather app.app */;
			productType = "com.apple.product-type.application";
		};
		8CA52F9126B7248300B6AC46 /* Weather appTests */ = {
			isa = PBXNativeTarget;
			buildConfigurationList = 8CA52FA926B7248300B6AC46 /* Build configuration list for PBXNativeTarget "Weather appTests" */;
			buildPhases = (
				8CA52F8E26B7248300B6AC46 /* Sources */,
				8CA52F8F26B7248300B6AC46 /* Frameworks */,
				8CA52F9026B7248300B6AC46 /* Resources */,
			);
			buildRules = (
			);
			dependencies = (
				8CA52F9426B7248300B6AC46 /* PBXTargetDependency */,
			);
			name = "Weather appTests";
			productName = "Weather appTests";
			productReference = 8CA52F9226B7248300B6AC46 /* Weather appTests.xctest */;
			productType = "com.apple.product-type.bundle.unit-test";
		};
		8CA52F9C26B7248300B6AC46 /* Weather appUITests */ = {
			isa = PBXNativeTarget;
			buildConfigurationList = 8CA52FAC26B7248300B6AC46 /* Build configuration list for PBXNativeTarget "Weather appUITests" */;
			buildPhases = (
				8CA52F9926B7248300B6AC46 /* Sources */,
				8CA52F9A26B7248300B6AC46 /* Frameworks */,
				8CA52F9B26B7248300B6AC46 /* Resources */,
			);
			buildRules = (
			);
			dependencies = (
				8CA52F9F26B7248300B6AC46 /* PBXTargetDependency */,
			);
			name = "Weather appUITests";
			productName = "Weather appUITests";
			productReference = 8CA52F9D26B7248300B6AC46 /* Weather appUITests.xctest */;
			productType = "com.apple.product-type.bundle.ui-testing";
		};
/* End PBXNativeTarget section */

/* Begin PBXProject section */
		8CA52F7426B7248000B6AC46 /* Project object */ = {
			isa = PBXProject;
			attributes = {
				LastSwiftUpdateCheck = 1240;
				LastUpgradeCheck = 1240;
				TargetAttributes = {
					8CA52F7B26B7248000B6AC46 = {
						CreatedOnToolsVersion = 12.4;
					};
					8CA52F9126B7248300B6AC46 = {
						CreatedOnToolsVersion = 12.4;
						TestTargetID = 8CA52F7B26B7248000B6AC46;
					};
					8CA52F9C26B7248300B6AC46 = {
						CreatedOnToolsVersion = 12.4;
						TestTargetID = 8CA52F7B26B7248000B6AC46;
					};
				};
			};
			buildConfigurationList = 8CA52F7726B7248000B6AC46 /* Build configuration list for PBXProject "Weather app" */;
			compatibilityVersion = "Xcode 9.3";
			developmentRegion = en;
			hasScannedForEncodings = 0;
			knownRegions = (
				en,
				Base,
			);
			mainGroup = 8CA52F7326B7248000B6AC46;
			productRefGroup = 8CA52F7D26B7248000B6AC46 /* Products */;
			projectDirPath = "";
			projectRoot = "";
			targets = (
				8CA52F7B26B7248000B6AC46 /* Weather app */,
				8CA52F9126B7248300B6AC46 /* Weather appTests */,
				8CA52F9C26B7248300B6AC46 /* Weather appUITests */,
			);
		};
/* End PBXProject section */

/* Begin PBXResourcesBuildPhase section */
		8CA52F7A26B7248000B6AC46 /* Resources */ = {
			isa = PBXResourcesBuildPhase;
			buildActionMask = 2147483647;
			files = (
				8CA52F8C26B7248200B6AC46 /* LaunchScreen.storyboard in Resources */,
				8CA52F8926B7248200B6AC46 /* Preview Assets.xcassets in Resources */,
				8CA52F8626B7248200B6AC46 /* Assets.xcassets in Resources */,
			);
			runOnlyForDeploymentPostprocessing = 0;
		};
		8CA52F9026B7248300B6AC46 /* Resources */ = {
			isa = PBXResourcesBuildPhase;
			buildActionMask = 2147483647;
			files = (
			);
			runOnlyForDeploymentPostprocessing = 0;
		};
		8CA52F9B26B7248300B6AC46 /* Resources */ = {
			isa = PBXResourcesBuildPhase;
			buildActionMask = 2147483647;
			files = (
			);
			runOnlyForDeploymentPostprocessing = 0;
		};
/* End PBXResourcesBuildPhase section */

/* Begin PBXSourcesBuildPhase section */
		8CA52F7826B7248000B6AC46 /* Sources */ = {
			isa = PBXSourcesBuildPhase;
			buildActionMask = 2147483647;
			files = (
				8CA52FB826B7261E00B6AC46 /* SettingsView.swift in Sources */,
				8CA52FBD26B7C86800B6AC46 /* CityViewModel.swift in Sources */,
				8CA52F8026B7248000B6AC46 /* AppDelegate.swift in Sources */,
				8CA52F8226B7248000B6AC46 /* SceneDelegate.swift in Sources */,
				8CA52F8426B7248000B6AC46 /* ContentView.swift in Sources */,
				8CA52FB326B7260C00B6AC46 /* WeatherView.swift in Sources */,
			);
			runOnlyForDeploymentPostprocessing = 0;
		};
		8CA52F8E26B7248300B6AC46 /* Sources */ = {
			isa = PBXSourcesBuildPhase;
			buildActionMask = 2147483647;
			files = (
				8CA52F9726B7248300B6AC46 /* Weather_appTests.swift in Sources */,
			);
			runOnlyForDeploymentPostprocessing = 0;
		};
		8CA52F9926B7248300B6AC46 /* Sources */ = {
			isa = PBXSourcesBuildPhase;
			buildActionMask = 2147483647;
			files = (
				8CA52FA226B7248300B6AC46 /* Weather_appUITests.swift in Sources */,
			);
			runOnlyForDeploymentPostprocessing = 0;
		};
/* End PBXSourcesBuildPhase section */

/* Begin PBXTargetDependency section */
		8CA52F9426B7248300B6AC46 /* PBXTargetDependency */ = {
			isa = PBXTargetDependency;
			target = 8CA52F7B26B7248000B6AC46 /* Weather app */;
			targetProxy = 8CA52F9326B7248300B6AC46 /* PBXContainerItemProxy */;
		};
		8CA52F9F26B7248300B6AC46 /* PBXTargetDependency */ = {
			isa = PBXTargetDependency;
			target = 8CA52F7B26B7248000B6AC46 /* Weather app */;
			targetProxy = 8CA52F9E26B7248300B6AC46 /* PBXContainerItemProxy */;
		};
/* End PBXTargetDependency section */

/* Begin PBXVariantGroup section */
		8CA52F8A26B7248200B6AC46 /* LaunchScreen.storyboard */ = {
			isa = PBXVariantGroup;
			children = (
				8CA52F8B26B7248200B6AC46 /* Base */,
			);
			name = LaunchScreen.storyboard;
			sourceTree = "<group>";
		};
/* End PBXVariantGroup section */

/* Begin XCBuildConfiguration section */
		8CA52FA426B7248300B6AC46 /* Debug */ = {
			isa = XCBuildConfiguration;
			buildSettings = {
				ALWAYS_SEARCH_USER_PATHS = NO;
				CLANG_ANALYZER_NONNULL = YES;
				CLANG_ANALYZER_NUMBER_OBJECT_CONVERSION = YES_AGGRESSIVE;
				CLANG_CXX_LANGUAGE_STANDARD = "gnu++14";
				CLANG_CXX_LIBRARY = "libc++";
				CLANG_ENABLE_MODULES = YES;
				CLANG_ENABLE_OBJC_ARC = YES;
				CLANG_ENABLE_OBJC_WEAK = YES;
				CLANG_WARN_BLOCK_CAPTURE_AUTORELEASING = YES;
				CLANG_WARN_BOOL_CONVERSION = YES;
				CLANG_WARN_COMMA = YES;
				CLANG_WARN_CONSTANT_CONVERSION = YES;
				CLANG_WARN_DEPRECATED_OBJC_IMPLEMENTATIONS = YES;
				CLANG_WARN_DIRECT_OBJC_ISA_USAGE = YES_ERROR;
				CLANG_WARN_DOCUMENTATION_COMMENTS = YES;
				CLANG_WARN_EMPTY_BODY = YES;
				CLANG_WARN_ENUM_CONVERSION = YES;
				CLANG_WARN_INFINITE_RECURSION = YES;
				CLANG_WARN_INT_CONVERSION = YES;
				CLANG_WARN_NON_LITERAL_NULL_CONVERSION = YES;
				CLANG_WARN_OBJC_IMPLICIT_RETAIN_SELF = YES;
				CLANG_WARN_OBJC_LITERAL_CONVERSION = YES;
				CLANG_WARN_OBJC_ROOT_CLASS = YES_ERROR;
				CLANG_WARN_QUOTED_INCLUDE_IN_FRAMEWORK_HEADER = YES;
				CLANG_WARN_RANGE_LOOP_ANALYSIS = YES;
				CLANG_WARN_STRICT_PROTOTYPES = YES;
				CLANG_WARN_SUSPICIOUS_MOVE = YES;
				CLANG_WARN_UNGUARDED_AVAILABILITY = YES_AGGRESSIVE;
				CLANG_WARN_UNREACHABLE_CODE = YES;
				CLANG_WARN__DUPLICATE_METHOD_MATCH = YES;
				COPY_PHASE_STRIP = NO;
				DEBUG_INFORMATION_FORMAT = dwarf;
				ENABLE_STRICT_OBJC_MSGSEND = YES;
				ENABLE_TESTABILITY = YES;
				GCC_C_LANGUAGE_STANDARD = gnu11;
				GCC_DYNAMIC_NO_PIC = NO;
				GCC_NO_COMMON_BLOCKS = YES;
				GCC_OPTIMIZATION_LEVEL = 0;
				GCC_PREPROCESSOR_DEFINITIONS = (
					"DEBUG=1",
					"$(inherited)",
				);
				GCC_WARN_64_TO_32_BIT_CONVERSION = YES;
				GCC_WARN_ABOUT_RETURN_TYPE = YES_ERROR;
				GCC_WARN_UNDECLARED_SELECTOR = YES;
				GCC_WARN_UNINITIALIZED_AUTOS = YES_AGGRESSIVE;
				GCC_WARN_UNUSED_FUNCTION = YES;
				GCC_WARN_UNUSED_VARIABLE = YES;
				IPHONEOS_DEPLOYMENT_TARGET = 14.4;
				MTL_ENABLE_DEBUG_INFO = INCLUDE_SOURCE;
				MTL_FAST_MATH = YES;
				ONLY_ACTIVE_ARCH = YES;
				SDKROOT = iphoneos;
				SWIFT_ACTIVE_COMPILATION_CONDITIONS = DEBUG;
				SWIFT_OPTIMIZATION_LEVEL = "-Onone";
			};
			name = Debug;
		};
		8CA52FA526B7248300B6AC46 /* Release */ = {
			isa = XCBuildConfiguration;
			buildSettings = {
				ALWAYS_SEARCH_USER_PATHS = NO;
				CLANG_ANALYZER_NONNULL = YES;
				CLANG_ANALYZER_NUMBER_OBJECT_CONVERSION = YES_AGGRESSIVE;
				CLANG_CXX_LANGUAGE_STANDARD = "gnu++14";
				CLANG_CXX_LIBRARY = "libc++";
				CLANG_ENABLE_MODULES = YES;
				CLANG_ENABLE_OBJC_ARC = YES;
				CLANG_ENABLE_OBJC_WEAK = YES;
				CLANG_WARN_BLOCK_CAPTURE_AUTORELEASING = YES;
				CLANG_WARN_BOOL_CONVERSION = YES;
				CLANG_WARN_COMMA = YES;
				CLANG_WARN_CONSTANT_CONVERSION = YES;
				CLANG_WARN_DEPRECATED_OBJC_IMPLEMENTATIONS = YES;
				CLANG_WARN_DIRECT_OBJC_ISA_USAGE = YES_ERROR;
				CLANG_WARN_DOCUMENTATION_COMMENTS = YES;
				CLANG_WARN_EMPTY_BODY = YES;
				CLANG_WARN_ENUM_CONVERSION = YES;
				CLANG_WARN_INFINITE_RECURSION = YES;
				CLANG_WARN_INT_CONVERSION = YES;
				CLANG_WARN_NON_LITERAL_NULL_CONVERSION = YES;
				CLANG_WARN_OBJC_IMPLICIT_RETAIN_SELF = YES;
				CLANG_WARN_OBJC_LITERAL_CONVERSION = YES;
				CLANG_WARN_OBJC_ROOT_CLASS = YES_ERROR;
				CLANG_WARN_QUOTED_INCLUDE_IN_FRAMEWORK_HEADER = YES;
				CLANG_WARN_RANGE_LOOP_ANALYSIS = YES;
				CLANG_WARN_STRICT_PROTOTYPES = YES;
				CLANG_WARN_SUSPICIOUS_MOVE = YES;
				CLANG_WARN_UNGUARDED_AVAILABILITY = YES_AGGRESSIVE;
				CLANG_WARN_UNREACHABLE_CODE = YES;
				CLANG_WARN__DUPLICATE_METHOD_MATCH = YES;
				COPY_PHASE_STRIP = NO;
				DEBUG_INFORMATION_FORMAT = "dwarf-with-dsym";
				ENABLE_NS_ASSERTIONS = NO;
				ENABLE_STRICT_OBJC_MSGSEND = YES;
				GCC_C_LANGUAGE_STANDARD = gnu11;
				GCC_NO_COMMON_BLOCKS = YES;
				GCC_WARN_64_TO_32_BIT_CONVERSION = YES;
				GCC_WARN_ABOUT_RETURN_TYPE = YES_ERROR;
				GCC_WARN_UNDECLARED_SELECTOR = YES;
				GCC_WARN_UNINITIALIZED_AUTOS = YES_AGGRESSIVE;
				GCC_WARN_UNUSED_FUNCTION = YES;
				GCC_WARN_UNUSED_VARIABLE = YES;
				IPHONEOS_DEPLOYMENT_TARGET = 14.4;
				MTL_ENABLE_DEBUG_INFO = NO;
				MTL_FAST_MATH = YES;
				SDKROOT = iphoneos;
				SWIFT_COMPILATION_MODE = wholemodule;
				SWIFT_OPTIMIZATION_LEVEL = "-O";
				VALIDATE_PRODUCT = YES;
			};
			name = Release;
		};
		8CA52FA726B7248300B6AC46 /* Debug */ = {
			isa = XCBuildConfiguration;
			buildSettings = {
				ASSETCATALOG_COMPILER_APPICON_NAME = AppIcon;
				ASSETCATALOG_COMPILER_GLOBAL_ACCENT_COLOR_NAME = AccentColor;
				CODE_SIGN_STYLE = Automatic;
				DEVELOPMENT_ASSET_PATHS = "\"Weather app/Preview Content\"";
				DEVELOPMENT_TEAM = CRPB5AHSY2;
				ENABLE_PREVIEWS = YES;
				INFOPLIST_FILE = "Weather app/Info.plist";
				LD_RUNPATH_SEARCH_PATHS = (
					"$(inherited)",
					"@executable_path/Frameworks",
				);
				PRODUCT_BUNDLE_IDENTIFIER = "NateW.Weather-app";
				PRODUCT_NAME = "$(TARGET_NAME)";
				SWIFT_VERSION = 5.0;
				TARGETED_DEVICE_FAMILY = "1,2";
			};
			name = Debug;
		};
		8CA52FA826B7248300B6AC46 /* Release */ = {
			isa = XCBuildConfiguration;
			buildSettings = {
				ASSETCATALOG_COMPILER_APPICON_NAME = AppIcon;
				ASSETCATALOG_COMPILER_GLOBAL_ACCENT_COLOR_NAME = AccentColor;
				CODE_SIGN_STYLE = Automatic;
				DEVELOPMENT_ASSET_PATHS = "\"Weather app/Preview Content\"";
				DEVELOPMENT_TEAM = CRPB5AHSY2;
				ENABLE_PREVIEWS = YES;
				INFOPLIST_FILE = "Weather app/Info.plist";
				LD_RUNPATH_SEARCH_PATHS = (
					"$(inherited)",
					"@executable_path/Frameworks",
				);
				PRODUCT_BUNDLE_IDENTIFIER = "NateW.Weather-app";
				PRODUCT_NAME = "$(TARGET_NAME)";
				SWIFT_VERSION = 5.0;
				TARGETED_DEVICE_FAMILY = "1,2";
			};
			name = Release;
		};
		8CA52FAA26B7248300B6AC46 /* Debug */ = {
			isa = XCBuildConfiguration;
			buildSettings = {
				ALWAYS_EMBED_SWIFT_STANDARD_LIBRARIES = YES;
				BUNDLE_LOADER = "$(TEST_HOST)";
				CODE_SIGN_STYLE = Automatic;
				DEVELOPMENT_TEAM = CRPB5AHSY2;
				INFOPLIST_FILE = "Weather appTests/Info.plist";
				IPHONEOS_DEPLOYMENT_TARGET = 14.4;
				LD_RUNPATH_SEARCH_PATHS = (
					"$(inherited)",
					"@executable_path/Frameworks",
					"@loader_path/Frameworks",
				);
				PRODUCT_BUNDLE_IDENTIFIER = "NateW.Weather-appTests";
				PRODUCT_NAME = "$(TARGET_NAME)";
				SWIFT_VERSION = 5.0;
				TARGETED_DEVICE_FAMILY = "1,2";
				TEST_HOST = "$(BUILT_PRODUCTS_DIR)/Weather app.app/Weather app";
			};
			name = Debug;
		};
		8CA52FAB26B7248300B6AC46 /* Release */ = {
			isa = XCBuildConfiguration;
			buildSettings = {
				ALWAYS_EMBED_SWIFT_STANDARD_LIBRARIES = YES;
				BUNDLE_LOADER = "$(TEST_HOST)";
				CODE_SIGN_STYLE = Automatic;
				DEVELOPMENT_TEAM = CRPB5AHSY2;
				INFOPLIST_FILE = "Weather appTests/Info.plist";
				IPHONEOS_DEPLOYMENT_TARGET = 14.4;
				LD_RUNPATH_SEARCH_PATHS = (
					"$(inherited)",
					"@executable_path/Frameworks",
					"@loader_path/Frameworks",
				);
				PRODUCT_BUNDLE_IDENTIFIER = "NateW.Weather-appTests";
				PRODUCT_NAME = "$(TARGET_NAME)";
				SWIFT_VERSION = 5.0;
				TARGETED_DEVICE_FAMILY = "1,2";
				TEST_HOST = "$(BUILT_PRODUCTS_DIR)/Weather app.app/Weather app";
			};
			name = Release;
		};
		8CA52FAD26B7248300B6AC46 /* Debug */ = {
			isa = XCBuildConfiguration;
			buildSettings = {
				ALWAYS_EMBED_SWIFT_STANDARD_LIBRARIES = YES;
				CODE_SIGN_STYLE = Automatic;
				DEVELOPMENT_TEAM = CRPB5AHSY2;
				INFOPLIST_FILE = "Weather appUITests/Info.plist";
				LD_RUNPATH_SEARCH_PATHS = (
					"$(inherited)",
					"@executable_path/Frameworks",
					"@loader_path/Frameworks",
				);
				PRODUCT_BUNDLE_IDENTIFIER = "NateW.Weather-appUITests";
				PRODUCT_NAME = "$(TARGET_NAME)";
				SWIFT_VERSION = 5.0;
				TARGETED_DEVICE_FAMILY = "1,2";
				TEST_TARGET_NAME = "Weather app";
			};
			name = Debug;
		};
		8CA52FAE26B7248300B6AC46 /* Release */ = {
			isa = XCBuildConfiguration;
			buildSettings = {
				ALWAYS_EMBED_SWIFT_STANDARD_LIBRARIES = YES;
				CODE_SIGN_STYLE = Automatic;
				DEVELOPMENT_TEAM = CRPB5AHSY2;
				INFOPLIST_FILE = "Weather appUITests/Info.plist";
				LD_RUNPATH_SEARCH_PATHS = (
					"$(inherited)",
					"@executable_path/Frameworks",
					"@loader_path/Frameworks",
				);
				PRODUCT_BUNDLE_IDENTIFIER = "NateW.Weather-appUITests";
				PRODUCT_NAME = "$(TARGET_NAME)";
				SWIFT_VERSION = 5.0;
				TARGETED_DEVICE_FAMILY = "1,2";
				TEST_TARGET_NAME = "Weather app";
			};
			name = Release;
		};
/* End XCBuildConfiguration section */

/* Begin XCConfigurationList section */
		8CA52F7726B7248000B6AC46 /* Build configuration list for PBXProject "Weather app" */ = {
			isa = XCConfigurationList;
			buildConfigurations = (
				8CA52FA426B7248300B6AC46 /* Debug */,
				8CA52FA526B7248300B6AC46 /* Release */,
			);
			defaultConfigurationIsVisible = 0;
			defaultConfigurationName = Release;
		};
		8CA52FA626B7248300B6AC46 /* Build configuration list for PBXNativeTarget "Weather app" */ = {
			isa = XCConfigurationList;
			buildConfigurations = (
				8CA52FA726B7248300B6AC46 /* Debug */,
				8CA52FA826B7248300B6AC46 /* Release */,
			);
			defaultConfigurationIsVisible = 0;
			defaultConfigurationName = Release;
		};
		8CA52FA926B7248300B6AC46 /* Build configuration list for PBXNativeTarget "Weather appTests" */ = {
			isa = XCConfigurationList;
			buildConfigurations = (
				8CA52FAA26B7248300B6AC46 /* Debug */,
				8CA52FAB26B7248300B6AC46 /* Release */,
			);
			defaultConfigurationIsVisible = 0;
			defaultConfigurationName = Release;
		};
		8CA52FAC26B7248300B6AC46 /* Build configuration list for PBXNativeTarget "Weather appUITests" */ = {
			isa = XCConfigurationList;
			buildConfigurations = (
				8CA52FAD26B7248300B6AC46 /* Debug */,
				8CA52FAE26B7248300B6AC46 /* Release */,
			);
			defaultConfigurationIsVisible = 0;
			defaultConfigurationName = Release;
		};
/* End XCConfigurationList section */
	};
	rootObject = 8CA52F7426B7248000B6AC46 /* Project object */;
}
